{
  "lockfileVersion": 1,
  "workspaces": {
    "": {
      "devDependencies": {
        "@cspell/dict-vi-vn": "latest",
        "@cspell/dict-vim": "latest",
      },
    },
  },
  "packages": {
    "@cspell/dict-vi-vn": ["@cspell/dict-vi-vn@3.0.4", "", {}, "sha512-t7sRsbKNwChQK9+VDDceDQd6UbSI7C926h1QvnK1PvFftOYcv1IkaFk1ziKZbnWqepGGI61EawcHqUUMKE0saw=="],

    "@cspell/dict-vim": ["@cspell/dict-vim@1.0.8", "", {}, "sha512-LUnznQiaNatVfb89pu916qYJwbkvgTKyNXK17MRHm1AgcCxN5Z1V5hyqTlQumhQYVAFFvN8t9VQDUw6k47spiw=="],
  }
}
